
Microsoft Visual Studio Solution File, Format Version 12.00
# Visual Studio 15
VisualStudioVersion = 15.0.27703.2026
MinimumVisualStudioVersion = 10.0.40219.1
Project("{9A19103F-16F7-4668-BE54-9A1E7A4F7556}") = "01.PokeMon", "01.PokeMon\01.PokeMon.csproj", "{9388D045-D372-4667-BA73-150F69932DBC}"
EndProject
Project("{9A19103F-16F7-4668-BE54-9A1E7A4F7556}") = "02.PokemonDontGo", "02.PokemonDontGo\02.PokemonDontGo.csproj", "{34114D4C-AF7E-4E06-B91B-25FC0B8A42CB}"
EndProject
Global
	GlobalSection(SolutionConfigurationPlatforms) = preSolution
		Debug|Any CPU = Debug|Any CPU
		Release|Any CPU = Release|Any CPU
	EndGlobalSection
	GlobalSection(ProjectConfigurationPlatforms) = postSolution
		{9388D045-D372-4667-BA73-150F69932DBC}.Debug|Any CPU.ActiveCfg = Debug|Any CPU
		{9388D045-D372-4667-BA73-150F69932DBC}.Debug|Any CPU.Build.0 = Debug|Any CPU
		{9388D045-D372-4667-BA73-150F69932DBC}.Release|Any CPU.ActiveCfg = Release|Any CPU
		{9388D045-D372-4667-BA73-150F69932DBC}.Release|Any CPU.Build.0 = Release|Any CPU
		{34114D4C-AF7E-4E06-B91B-25FC0B8A42CB}.Debug|Any CPU.ActiveCfg = Debug|Any CPU
		{34114D4C-AF7E-4E06-B91B-25FC0B8A42CB}.Debug|Any CPU.Build.0 = Debug|Any CPU
		{34114D4C-AF7E-4E06-B91B-25FC0B8A42CB}.Release|Any CPU.ActiveCfg = Release|Any CPU
		{34114D4C-AF7E-4E06-B91B-25FC0B8A42CB}.Release|Any CPU.Build.0 = Release|Any CPU
	EndGlobalSection
	GlobalSection(SolutionProperties) = preSolution
		HideSolutionNode = FALSE
	EndGlobalSection
	GlobalSection(ExtensibilityGlobals) = postSolution
		SolutionGuid = {C3D4AFEC-B9EC-475F-8C06-7A28C8CBBEB8}
	EndGlobalSection
EndGlobal
