
Microsoft Visual Studio Solution File, Format Version 12.00
# Visual Studio 15
VisualStudioVersion = 15.0.27703.2026
MinimumVisualStudioVersion = 10.0.40219.1
Project("{9A19103F-16F7-4668-BE54-9A1E7A4F7556}") = "01.AnonDownsite", "01.AnonDownsite\01.AnonDownsite.csproj", "{83497C45-7554-4FC3-801C-F8C188479C08}"
EndProject
Project("{9A19103F-16F7-4668-BE54-9A1E7A4F7556}") = "02.AnonThread", "02.AnonThread\02.AnonThread.csproj", "{6D1466B7-3D8B-4A52-BFE0-EABA27314A55}"
EndProject
Project("{FAE04EC0-301F-11D3-BF4B-00C04F79EFBC}") = "03.AnonymousVox", "03.AnonymousVox\03.AnonymousVox.csproj", "{6BE5AF2E-7BC8-4AC3-9E85-5B49630DDA05}"
EndProject
Global
	GlobalSection(SolutionConfigurationPlatforms) = preSolution
		Debug|Any CPU = Debug|Any CPU
		Release|Any CPU = Release|Any CPU
	EndGlobalSection
	GlobalSection(ProjectConfigurationPlatforms) = postSolution
		{83497C45-7554-4FC3-801C-F8C188479C08}.Debug|Any CPU.ActiveCfg = Debug|Any CPU
		{83497C45-7554-4FC3-801C-F8C188479C08}.Debug|Any CPU.Build.0 = Debug|Any CPU
		{83497C45-7554-4FC3-801C-F8C188479C08}.Release|Any CPU.ActiveCfg = Release|Any CPU
		{83497C45-7554-4FC3-801C-F8C188479C08}.Release|Any CPU.Build.0 = Release|Any CPU
		{6D1466B7-3D8B-4A52-BFE0-EABA27314A55}.Debug|Any CPU.ActiveCfg = Debug|Any CPU
		{6D1466B7-3D8B-4A52-BFE0-EABA27314A55}.Debug|Any CPU.Build.0 = Debug|Any CPU
		{6D1466B7-3D8B-4A52-BFE0-EABA27314A55}.Release|Any CPU.ActiveCfg = Release|Any CPU
		{6D1466B7-3D8B-4A52-BFE0-EABA27314A55}.Release|Any CPU.Build.0 = Release|Any CPU
		{6BE5AF2E-7BC8-4AC3-9E85-5B49630DDA05}.Debug|Any CPU.ActiveCfg = Debug|Any CPU
		{6BE5AF2E-7BC8-4AC3-9E85-5B49630DDA05}.Debug|Any CPU.Build.0 = Debug|Any CPU
		{6BE5AF2E-7BC8-4AC3-9E85-5B49630DDA05}.Release|Any CPU.ActiveCfg = Release|Any CPU
		{6BE5AF2E-7BC8-4AC3-9E85-5B49630DDA05}.Release|Any CPU.Build.0 = Release|Any CPU
	EndGlobalSection
	GlobalSection(SolutionProperties) = preSolution
		HideSolutionNode = FALSE
	EndGlobalSection
	GlobalSection(ExtensibilityGlobals) = postSolution
		SolutionGuid = {8540E84B-70A5-4BF2-871A-DC86E43BA498}
	EndGlobalSection
EndGlobal
