
Microsoft Visual Studio Solution File, Format Version 12.00
# Visual Studio 15
VisualStudioVersion = 15.0.27703.2026
MinimumVisualStudioVersion = 10.0.40219.1
Project("{9A19103F-16F7-4668-BE54-9A1E7A4F7556}") = "01.MaxSequenceOfEqualElements", "01.MaxSequenceOfEqualElements\01.MaxSequenceOfEqualElements.csproj", "{3005E63C-15E9-476C-95D6-029F7C1ABF4A}"
EndProject
Project("{9A19103F-16F7-4668-BE54-9A1E7A4F7556}") = "02.ChangeList", "02.ChangeList\02.ChangeList.csproj", "{8E76E86F-7D25-41E7-9CA8-6D54630FA3B9}"
EndProject
Project("{9A19103F-16F7-4668-BE54-9A1E7A4F7556}") = "03.SearchForANumber", "03.SearchForANumber\03.SearchForANumber.csproj", "{1E14CA72-C2C3-494B-9F8A-3830EDC11AF5}"
EndProject
Project("{9A19103F-16F7-4668-BE54-9A1E7A4F7556}") = "06.SumReversedNumbers", "06.SumReversedNumbers\06.SumReversedNumbers.csproj", "{82F3F132-3DF6-486D-95A4-79EFE478F4F3}"
EndProject
Project("{9A19103F-16F7-4668-BE54-9A1E7A4F7556}") = "07.BombNumbers", "07.BombNumbers\07.BombNumbers.csproj", "{6408FF78-AB7C-4435-A7BD-B17DA4427B6C}"
EndProject
Project("{9A19103F-16F7-4668-BE54-9A1E7A4F7556}") = "05.01.ArrayManipulator", "05.01.ArrayManipulator\05.01.ArrayManipulator.csproj", "{EEE2097D-105D-476F-9412-486CF799BFD5}"
EndProject
Global
	GlobalSection(SolutionConfigurationPlatforms) = preSolution
		Debug|Any CPU = Debug|Any CPU
		Release|Any CPU = Release|Any CPU
	EndGlobalSection
	GlobalSection(ProjectConfigurationPlatforms) = postSolution
		{3005E63C-15E9-476C-95D6-029F7C1ABF4A}.Debug|Any CPU.ActiveCfg = Debug|Any CPU
		{3005E63C-15E9-476C-95D6-029F7C1ABF4A}.Debug|Any CPU.Build.0 = Debug|Any CPU
		{3005E63C-15E9-476C-95D6-029F7C1ABF4A}.Release|Any CPU.ActiveCfg = Release|Any CPU
		{3005E63C-15E9-476C-95D6-029F7C1ABF4A}.Release|Any CPU.Build.0 = Release|Any CPU
		{8E76E86F-7D25-41E7-9CA8-6D54630FA3B9}.Debug|Any CPU.ActiveCfg = Debug|Any CPU
		{8E76E86F-7D25-41E7-9CA8-6D54630FA3B9}.Debug|Any CPU.Build.0 = Debug|Any CPU
		{8E76E86F-7D25-41E7-9CA8-6D54630FA3B9}.Release|Any CPU.ActiveCfg = Release|Any CPU
		{8E76E86F-7D25-41E7-9CA8-6D54630FA3B9}.Release|Any CPU.Build.0 = Release|Any CPU
		{1E14CA72-C2C3-494B-9F8A-3830EDC11AF5}.Debug|Any CPU.ActiveCfg = Debug|Any CPU
		{1E14CA72-C2C3-494B-9F8A-3830EDC11AF5}.Debug|Any CPU.Build.0 = Debug|Any CPU
		{1E14CA72-C2C3-494B-9F8A-3830EDC11AF5}.Release|Any CPU.ActiveCfg = Release|Any CPU
		{1E14CA72-C2C3-494B-9F8A-3830EDC11AF5}.Release|Any CPU.Build.0 = Release|Any CPU
		{82F3F132-3DF6-486D-95A4-79EFE478F4F3}.Debug|Any CPU.ActiveCfg = Debug|Any CPU
		{82F3F132-3DF6-486D-95A4-79EFE478F4F3}.Debug|Any CPU.Build.0 = Debug|Any CPU
		{82F3F132-3DF6-486D-95A4-79EFE478F4F3}.Release|Any CPU.ActiveCfg = Release|Any CPU
		{82F3F132-3DF6-486D-95A4-79EFE478F4F3}.Release|Any CPU.Build.0 = Release|Any CPU
		{6408FF78-AB7C-4435-A7BD-B17DA4427B6C}.Debug|Any CPU.ActiveCfg = Debug|Any CPU
		{6408FF78-AB7C-4435-A7BD-B17DA4427B6C}.Debug|Any CPU.Build.0 = Debug|Any CPU
		{6408FF78-AB7C-4435-A7BD-B17DA4427B6C}.Release|Any CPU.ActiveCfg = Release|Any CPU
		{6408FF78-AB7C-4435-A7BD-B17DA4427B6C}.Release|Any CPU.Build.0 = Release|Any CPU
		{EEE2097D-105D-476F-9412-486CF799BFD5}.Debug|Any CPU.ActiveCfg = Debug|Any CPU
		{EEE2097D-105D-476F-9412-486CF799BFD5}.Debug|Any CPU.Build.0 = Debug|Any CPU
		{EEE2097D-105D-476F-9412-486CF799BFD5}.Release|Any CPU.ActiveCfg = Release|Any CPU
		{EEE2097D-105D-476F-9412-486CF799BFD5}.Release|Any CPU.Build.0 = Release|Any CPU
	EndGlobalSection
	GlobalSection(SolutionProperties) = preSolution
		HideSolutionNode = FALSE
	EndGlobalSection
	GlobalSection(ExtensibilityGlobals) = postSolution
		SolutionGuid = {DE453C19-A7BC-4413-B2CE-0202F7BDE615}
	EndGlobalSection
EndGlobal
